
Microsoft Visual Studio Solution File, Format Version 12.00
# Visual Studio Version 17
VisualStudioVersion = 17.5.33502.453
MinimumVisualStudioVersion = 10.0.40219.1
Project("{FAE04EC0-301F-11D3-BF4B-00C04F79EFBC}") = "MinimalApi", "MinimalApi\MinimalApi.csproj", "{01051B82-908A-41AD-811F-F73C2B1EA0CE}"
EndProject
Global
	GlobalSection(SolutionConfigurationPlatforms) = preSolution
		Debug|Any CPU = Debug|Any CPU
		Release|Any CPU = Release|Any CPU
	EndGlobalSection
	GlobalSection(ProjectConfigurationPlatforms) = postSolution
		{01051B82-908A-41AD-811F-F73C2B1EA0CE}.Debug|Any CPU.ActiveCfg = Debug|Any CPU
		{01051B82-908A-41AD-811F-F73C2B1EA0CE}.Debug|Any CPU.Build.0 = Debug|Any CPU
		{01051B82-908A-41AD-811F-F73C2B1EA0CE}.Release|Any CPU.ActiveCfg = Release|Any CPU
		{01051B82-908A-41AD-811F-F73C2B1EA0CE}.Release|Any CPU.Build.0 = Release|Any CPU
	EndGlobalSection
	GlobalSection(SolutionProperties) = preSolution
		HideSolutionNode = FALSE
	EndGlobalSection
	GlobalSection(ExtensibilityGlobals) = postSolution
		SolutionGuid = {DC7B7163-3B20-4028-8D96-E12C53A697F8}
	EndGlobalSection
EndGlobal
